<?xml version="1.0" encoding="utf-8"?>
<Project ToolsVersion="4.0" xmlns="http://schemas.microsoft.com/developer/msbuild/2003">
  <ItemGroup>
    <Filter Include="src">
      <UniqueIdentifier>{42165594-ef37-487f-9d49-46144cf42c9f}</UniqueIdentifier>
    </Filter>
    <Filter Include="include">
      <UniqueIdentifier>{e7259a1f-7df1-4c80-891f-a8f115e54085}</UniqueIdentifier>
    </Filter>
    <Filter Include="include\amqpcpp">
      <UniqueIdentifier>{7250d392-f627-4677-9a73-94aebbe8195a}</UniqueIdentifier>
    </Filter>
  </ItemGroup>
  <ItemGroup>
    <ClInclude Include="$(MSBuildThisFileDirectory)..\AMQP-CPP\include\amqpcpp.h">
      <Filter>include</Filter>
    </ClInclude>
    <ClInclude Include="$(MSBuildThisFileDirectory)..\AMQP-CPP\include\amqpcpp\address.h">
      <Filter>include\amqpcpp</Filter>
    </ClInclude>
    <ClInclude Include="$(MSBuildThisFileDirectory)..\AMQP-CPP\include\amqpcpp\array.h">
      <Filter>include\amqpcpp</Filter>
    </ClInclude>
    <ClInclude Include="$(MSBuildThisFileDirectory)..\AMQP-CPP\include\amqpcpp\booleanset.h">
      <Filter>include\amqpcpp</Filter>
    </ClInclude>
    <ClInclude Include="$(MSBuildThisFileDirectory)..\AMQP-CPP\include\amqpcpp\buffer.h">
      <Filter>include\amqpcpp</Filter>
    </ClInclude>
    <ClInclude Include="$(MSBuildThisFileDirectory)..\AMQP-CPP\include\amqpcpp\bytebuffer.h">
      <Filter>include\amqpcpp</Filter>
    </ClInclude>
    <ClInclude Include="$(MSBuildThisFileDirectory)..\AMQP-CPP\include\amqpcpp\callbacks.h">
      <Filter>include\amqpcpp</Filter>
    </ClInclude>
    <ClInclude Include="$(MSBuildThisFileDirectory)..\AMQP-CPP\include\amqpcpp\channel.h">
      <Filter>include\amqpcpp</Filter>
    </ClInclude>
    <ClInclude Include="$(MSBuildThisFileDirectory)..\AMQP-CPP\include\amqpcpp\channelimpl.h">
      <Filter>include\amqpcpp</Filter>
    </ClInclude>
    <ClInclude Include="$(MSBuildThisFileDirectory)..\AMQP-CPP\include\amqpcpp\classes.h">
      <Filter>include\amqpcpp</Filter>
    </ClInclude>
    <ClInclude Include="$(MSBuildThisFileDirectory)..\AMQP-CPP\include\amqpcpp\connection.h">
      <Filter>include\amqpcpp</Filter>
    </ClInclude>
    <ClInclude Include="$(MSBuildThisFileDirectory)..\AMQP-CPP\include\amqpcpp\connectionhandler.h">
      <Filter>include\amqpcpp</Filter>
    </ClInclude>
    <ClInclude Include="$(MSBuildThisFileDirectory)..\AMQP-CPP\include\amqpcpp\connectionimpl.h">
      <Filter>include\amqpcpp</Filter>
    </ClInclude>
    <ClInclude Include="$(MSBuildThisFileDirectory)..\AMQP-CPP\include\amqpcpp\decimalfield.h">
      <Filter>include\amqpcpp</Filter>
    </ClInclude>
    <ClInclude Include="$(MSBuildThisFileDirectory)..\AMQP-CPP\include\amqpcpp\deferred.h">
      <Filter>include\amqpcpp</Filter>
    </ClInclude>
    <ClInclude Include="$(MSBuildThisFileDirectory)..\AMQP-CPP\include\amqpcpp\deferredcancel.h">
      <Filter>include\amqpcpp</Filter>
    </ClInclude>
    <ClInclude Include="$(MSBuildThisFileDirectory)..\AMQP-CPP\include\amqpcpp\deferredconsumer.h">
      <Filter>include\amqpcpp</Filter>
    </ClInclude>
    <ClInclude Include="$(MSBuildThisFileDirectory)..\AMQP-CPP\include\amqpcpp\deferredconsumerbase.h">
      <Filter>include\amqpcpp</Filter>
    </ClInclude>
    <ClInclude Include="$(MSBuildThisFileDirectory)..\AMQP-CPP\include\amqpcpp\deferreddelete.h">
      <Filter>include\amqpcpp</Filter>
    </ClInclude>
    <ClInclude Include="$(MSBuildThisFileDirectory)..\AMQP-CPP\include\amqpcpp\deferredget.h">
      <Filter>include\amqpcpp</Filter>
    </ClInclude>
    <ClInclude Include="$(MSBuildThisFileDirectory)..\AMQP-CPP\include\amqpcpp\deferredqueue.h">
      <Filter>include\amqpcpp</Filter>
    </ClInclude>
    <ClInclude Include="$(MSBuildThisFileDirectory)..\AMQP-CPP\include\amqpcpp\endian.h">
      <Filter>include\amqpcpp</Filter>
    </ClInclude>
    <ClInclude Include="$(MSBuildThisFileDirectory)..\AMQP-CPP\include\amqpcpp\entityimpl.h">
      <Filter>include\amqpcpp</Filter>
    </ClInclude>
    <ClInclude Include="$(MSBuildThisFileDirectory)..\AMQP-CPP\include\amqpcpp\envelope.h">
      <Filter>include\amqpcpp</Filter>
    </ClInclude>
    <ClInclude Include="$(MSBuildThisFileDirectory)..\AMQP-CPP\include\amqpcpp\exchangetype.h">
      <Filter>include\amqpcpp</Filter>
    </ClInclude>
    <ClInclude Include="$(MSBuildThisFileDirectory)..\AMQP-CPP\include\amqpcpp\field.h">
      <Filter>include\amqpcpp</Filter>
    </ClInclude>
    <ClInclude Include="$(MSBuildThisFileDirectory)..\AMQP-CPP\include\amqpcpp\fieldproxy.h">
      <Filter>include\amqpcpp</Filter>
    </ClInclude>
    <ClInclude Include="$(MSBuildThisFileDirectory)..\AMQP-CPP\include\amqpcpp\flags.h">
      <Filter>include\amqpcpp</Filter>
    </ClInclude>
    <ClInclude Include="$(MSBuildThisFileDirectory)..\AMQP-CPP\include\amqpcpp\libev.h">
      <Filter>include\amqpcpp</Filter>
    </ClInclude>
    <ClInclude Include="$(MSBuildThisFileDirectory)..\AMQP-CPP\include\amqpcpp\libevent.h">
      <Filter>include\amqpcpp</Filter>
    </ClInclude>
    <ClInclude Include="$(MSBuildThisFileDirectory)..\AMQP-CPP\include\amqpcpp\libuv.h">
      <Filter>include\amqpcpp</Filter>
    </ClInclude>
    <ClInclude Include="$(MSBuildThisFileDirectory)..\AMQP-CPP\include\amqpcpp\login.h">
      <Filter>include\amqpcpp</Filter>
    </ClInclude>
    <ClInclude Include="$(MSBuildThisFileDirectory)..\AMQP-CPP\include\amqpcpp\message.h">
      <Filter>include\amqpcpp</Filter>
    </ClInclude>
    <ClInclude Include="$(MSBuildThisFileDirectory)..\AMQP-CPP\include\amqpcpp\metadata.h">
      <Filter>include\amqpcpp</Filter>
    </ClInclude>
    <ClInclude Include="$(MSBuildThisFileDirectory)..\AMQP-CPP\include\amqpcpp\monitor.h">
      <Filter>include\amqpcpp</Filter>
    </ClInclude>
    <ClInclude Include="$(MSBuildThisFileDirectory)..\AMQP-CPP\include\amqpcpp\numericfield.h">
      <Filter>include\amqpcpp</Filter>
    </ClInclude>
    <ClInclude Include="$(MSBuildThisFileDirectory)..\AMQP-CPP\include\amqpcpp\outbuffer.h">
      <Filter>include\amqpcpp</Filter>
    </ClInclude>
    <ClInclude Include="$(MSBuildThisFileDirectory)..\AMQP-CPP\include\amqpcpp\receivedframe.h">
      <Filter>include\amqpcpp</Filter>
    </ClInclude>
    <ClInclude Include="$(MSBuildThisFileDirectory)..\AMQP-CPP\include\amqpcpp\stack_ptr.h">
      <Filter>include\amqpcpp</Filter>
    </ClInclude>
    <ClInclude Include="$(MSBuildThisFileDirectory)..\AMQP-CPP\include\amqpcpp\stringfield.h">
      <Filter>include\amqpcpp</Filter>
    </ClInclude>
    <ClInclude Include="$(MSBuildThisFileDirectory)..\AMQP-CPP\include\amqpcpp\table.h">
      <Filter>include\amqpcpp</Filter>
    </ClInclude>
    <ClInclude Include="$(MSBuildThisFileDirectory)..\AMQP-CPP\include\amqpcpp\tcpchannel.h">
      <Filter>include\amqpcpp</Filter>
    </ClInclude>
    <ClInclude Include="$(MSBuildThisFileDirectory)..\AMQP-CPP\include\amqpcpp\tcpconnection.h">
      <Filter>include\amqpcpp</Filter>
    </ClInclude>
    <ClInclude Include="$(MSBuildThisFileDirectory)..\AMQP-CPP\include\amqpcpp\tcpdefines.h">
      <Filter>include\amqpcpp</Filter>
    </ClInclude>
    <ClInclude Include="$(MSBuildThisFileDirectory)..\AMQP-CPP\include\amqpcpp\tcphandler.h">
      <Filter>include\amqpcpp</Filter>
    </ClInclude>
    <ClInclude Include="$(MSBuildThisFileDirectory)..\AMQP-CPP\include\amqpcpp\watchable.h">
      <Filter>include\amqpcpp</Filter>
    </ClInclude>
    <ClInclude Include="$(MSBuildThisFileDirectory)..\AMQP-CPP\src\addressinfo.h">
      <Filter>src</Filter>
    </ClInclude>
    <ClInclude Include="$(MSBuildThisFileDirectory)..\AMQP-CPP\src\basicackframe.h">
      <Filter>src</Filter>
    </ClInclude>
    <ClInclude Include="$(MSBuildThisFileDirectory)..\AMQP-CPP\src\basiccancelframe.h">
      <Filter>src</Filter>
    </ClInclude>
    <ClInclude Include="$(MSBuildThisFileDirectory)..\AMQP-CPP\src\basiccancelokframe.h">
      <Filter>src</Filter>
    </ClInclude>
    <ClInclude Include="$(MSBuildThisFileDirectory)..\AMQP-CPP\src\basicconsumeframe.h">
      <Filter>src</Filter>
    </ClInclude>
    <ClInclude Include="$(MSBuildThisFileDirectory)..\AMQP-CPP\src\basicconsumeokframe.h">
      <Filter>src</Filter>
    </ClInclude>
    <ClInclude Include="$(MSBuildThisFileDirectory)..\AMQP-CPP\src\basicdeliverframe.h">
      <Filter>src</Filter>
    </ClInclude>
    <ClInclude Include="$(MSBuildThisFileDirectory)..\AMQP-CPP\src\basicframe.h">
      <Filter>src</Filter>
    </ClInclude>
    <ClInclude Include="$(MSBuildThisFileDirectory)..\AMQP-CPP\src\basicgetemptyframe.h">
      <Filter>src</Filter>
    </ClInclude>
    <ClInclude Include="$(MSBuildThisFileDirectory)..\AMQP-CPP\src\basicgetframe.h">
      <Filter>src</Filter>
    </ClInclude>
    <ClInclude Include="$(MSBuildThisFileDirectory)..\AMQP-CPP\src\basicgetokframe.h">
      <Filter>src</Filter>
    </ClInclude>
    <ClInclude Include="$(MSBuildThisFileDirectory)..\AMQP-CPP\src\basicheaderframe.h">
      <Filter>src</Filter>
    </ClInclude>
    <ClInclude Include="$(MSBuildThisFileDirectory)..\AMQP-CPP\src\basicnackframe.h">
      <Filter>src</Filter>
    </ClInclude>
    <ClInclude Include="$(MSBuildThisFileDirectory)..\AMQP-CPP\src\basicpublishframe.h">
      <Filter>src</Filter>
    </ClInclude>
    <ClInclude Include="$(MSBuildThisFileDirectory)..\AMQP-CPP\src\basicqosframe.h">
      <Filter>src</Filter>
    </ClInclude>
    <ClInclude Include="$(MSBuildThisFileDirectory)..\AMQP-CPP\src\basicqosokframe.h">
      <Filter>src</Filter>
    </ClInclude>
    <ClInclude Include="$(MSBuildThisFileDirectory)..\AMQP-CPP\src\basicrecoverasyncframe.h">
      <Filter>src</Filter>
    </ClInclude>
    <ClInclude Include="$(MSBuildThisFileDirectory)..\AMQP-CPP\src\basicrecoverframe.h">
      <Filter>src</Filter>
    </ClInclude>
    <ClInclude Include="$(MSBuildThisFileDirectory)..\AMQP-CPP\src\basicrecoverokframe.h">
      <Filter>src</Filter>
    </ClInclude>
    <ClInclude Include="$(MSBuildThisFileDirectory)..\AMQP-CPP\src\basicrejectframe.h">
      <Filter>src</Filter>
    </ClInclude>
    <ClInclude Include="$(MSBuildThisFileDirectory)..\AMQP-CPP\src\basicreturnframe.h">
      <Filter>src</Filter>
    </ClInclude>
    <ClInclude Include="$(MSBuildThisFileDirectory)..\AMQP-CPP\src\bodyframe.h">
      <Filter>src</Filter>
    </ClInclude>
    <ClInclude Include="$(MSBuildThisFileDirectory)..\AMQP-CPP\src\channelcloseframe.h">
      <Filter>src</Filter>
    </ClInclude>
    <ClInclude Include="$(MSBuildThisFileDirectory)..\AMQP-CPP\src\channelcloseokframe.h">
      <Filter>src</Filter>
    </ClInclude>
    <ClInclude Include="$(MSBuildThisFileDirectory)..\AMQP-CPP\src\channelflowframe.h">
      <Filter>src</Filter>
    </ClInclude>
    <ClInclude Include="$(MSBuildThisFileDirectory)..\AMQP-CPP\src\channelflowokframe.h">
      <Filter>src</Filter>
    </ClInclude>
    <ClInclude Include="$(MSBuildThisFileDirectory)..\AMQP-CPP\src\channelframe.h">
      <Filter>src</Filter>
    </ClInclude>
    <ClInclude Include="$(MSBuildThisFileDirectory)..\AMQP-CPP\src\channelopenframe.h">
      <Filter>src</Filter>
    </ClInclude>
    <ClInclude Include="$(MSBuildThisFileDirectory)..\AMQP-CPP\src\channelopenokframe.h">
      <Filter>src</Filter>
    </ClInclude>
    <ClInclude Include="$(MSBuildThisFileDirectory)..\AMQP-CPP\src\connectioncloseframe.h">
      <Filter>src</Filter>
    </ClInclude>
    <ClInclude Include="$(MSBuildThisFileDirectory)..\AMQP-CPP\src\connectioncloseokframe.h">
      <Filter>src</Filter>
    </ClInclude>
    <ClInclude Include="$(MSBuildThisFileDirectory)..\AMQP-CPP\src\connectionframe.h">
      <Filter>src</Filter>
    </ClInclude>
    <ClInclude Include="$(MSBuildThisFileDirectory)..\AMQP-CPP\src\connectionopenframe.h">
      <Filter>src</Filter>
    </ClInclude>
    <ClInclude Include="$(MSBuildThisFileDirectory)..\AMQP-CPP\src\connectionopenokframe.h">
      <Filter>src</Filter>
    </ClInclude>
    <ClInclude Include="$(MSBuildThisFileDirectory)..\AMQP-CPP\src\connectionsecureframe.h">
      <Filter>src</Filter>
    </ClInclude>
    <ClInclude Include="$(MSBuildThisFileDirectory)..\AMQP-CPP\src\connectionsecureokframe.h">
      <Filter>src</Filter>
    </ClInclude>
    <ClInclude Include="$(MSBuildThisFileDirectory)..\AMQP-CPP\src\connectionstartframe.h">
      <Filter>src</Filter>
    </ClInclude>
    <ClInclude Include="$(MSBuildThisFileDirectory)..\AMQP-CPP\src\connectionstartokframe.h">
      <Filter>src</Filter>
    </ClInclude>
    <ClInclude Include="$(MSBuildThisFileDirectory)..\AMQP-CPP\src\connectiontuneframe.h">
      <Filter>src</Filter>
    </ClInclude>
    <ClInclude Include="$(MSBuildThisFileDirectory)..\AMQP-CPP\src\connectiontuneokframe.h">
      <Filter>src</Filter>
    </ClInclude>
    <ClInclude Include="$(MSBuildThisFileDirectory)..\AMQP-CPP\src\consumedmessage.h">
      <Filter>src</Filter>
    </ClInclude>
    <ClInclude Include="$(MSBuildThisFileDirectory)..\AMQP-CPP\src\exception.h">
      <Filter>src</Filter>
    </ClInclude>
    <ClInclude Include="$(MSBuildThisFileDirectory)..\AMQP-CPP\src\exchangebindframe.h">
      <Filter>src</Filter>
    </ClInclude>
    <ClInclude Include="$(MSBuildThisFileDirectory)..\AMQP-CPP\src\exchangebindokframe.h">
      <Filter>src</Filter>
    </ClInclude>
    <ClInclude Include="$(MSBuildThisFileDirectory)..\AMQP-CPP\src\exchangedeclareframe.h">
      <Filter>src</Filter>
    </ClInclude>
    <ClInclude Include="$(MSBuildThisFileDirectory)..\AMQP-CPP\src\exchangedeclareokframe.h">
      <Filter>src</Filter>
    </ClInclude>
    <ClInclude Include="$(MSBuildThisFileDirectory)..\AMQP-CPP\src\exchangedeleteframe.h">
      <Filter>src</Filter>
    </ClInclude>
    <ClInclude Include="$(MSBuildThisFileDirectory)..\AMQP-CPP\src\exchangedeleteokframe.h">
      <Filter>src</Filter>
    </ClInclude>
    <ClInclude Include="$(MSBuildThisFileDirectory)..\AMQP-CPP\src\exchangeframe.h">
      <Filter>src</Filter>
    </ClInclude>
    <ClInclude Include="$(MSBuildThisFileDirectory)..\AMQP-CPP\src\exchangeunbindframe.h">
      <Filter>src</Filter>
    </ClInclude>
    <ClInclude Include="$(MSBuildThisFileDirectory)..\AMQP-CPP\src\exchangeunbindokframe.h">
      <Filter>src</Filter>
    </ClInclude>
    <ClInclude Include="$(MSBuildThisFileDirectory)..\AMQP-CPP\src\extframe.h">
      <Filter>src</Filter>
    </ClInclude>
    <ClInclude Include="$(MSBuildThisFileDirectory)..\AMQP-CPP\src\frame.h">
      <Filter>src</Filter>
    </ClInclude>
    <ClInclude Include="$(MSBuildThisFileDirectory)..\AMQP-CPP\src\framecheck.h">
      <Filter>src</Filter>
    </ClInclude>
    <ClInclude Include="$(MSBuildThisFileDirectory)..\AMQP-CPP\src\headerframe.h">
      <Filter>src</Filter>
    </ClInclude>
    <ClInclude Include="$(MSBuildThisFileDirectory)..\AMQP-CPP\src\heartbeatframe.h">
      <Filter>src</Filter>
    </ClInclude>
    <ClInclude Include="$(MSBuildThisFileDirectory)..\AMQP-CPP\src\includes.h">
      <Filter>src</Filter>
    </ClInclude>
    <ClInclude Include="$(MSBuildThisFileDirectory)..\AMQP-CPP\src\messageimpl.h">
      <Filter>src</Filter>
    </ClInclude>
    <ClInclude Include="$(MSBuildThisFileDirectory)..\AMQP-CPP\src\methodframe.h">
      <Filter>src</Filter>
    </ClInclude>
    <ClInclude Include="$(MSBuildThisFileDirectory)..\AMQP-CPP\src\pipe.h">
      <Filter>src</Filter>
    </ClInclude>
    <ClInclude Include="$(MSBuildThisFileDirectory)..\AMQP-CPP\src\protocolexception.h">
      <Filter>src</Filter>
    </ClInclude>
    <ClInclude Include="$(MSBuildThisFileDirectory)..\AMQP-CPP\src\protocolheaderframe.h">
      <Filter>src</Filter>
    </ClInclude>
    <ClInclude Include="$(MSBuildThisFileDirectory)..\AMQP-CPP\src\queuebindframe.h">
      <Filter>src</Filter>
    </ClInclude>
    <ClInclude Include="$(MSBuildThisFileDirectory)..\AMQP-CPP\src\queuebindokframe.h">
      <Filter>src</Filter>
    </ClInclude>
    <ClInclude Include="$(MSBuildThisFileDirectory)..\AMQP-CPP\src\queuedeclareframe.h">
      <Filter>src</Filter>
    </ClInclude>
    <ClInclude Include="$(MSBuildThisFileDirectory)..\AMQP-CPP\src\queuedeclareokframe.h">
      <Filter>src</Filter>
    </ClInclude>
    <ClInclude Include="$(MSBuildThisFileDirectory)..\AMQP-CPP\src\queuedeleteframe.h">
      <Filter>src</Filter>
    </ClInclude>
    <ClInclude Include="$(MSBuildThisFileDirectory)..\AMQP-CPP\src\queuedeleteokframe.h">
      <Filter>src</Filter>
    </ClInclude>
    <ClInclude Include="$(MSBuildThisFileDirectory)..\AMQP-CPP\src\queueframe.h">
      <Filter>src</Filter>
    </ClInclude>
    <ClInclude Include="$(MSBuildThisFileDirectory)..\AMQP-CPP\src\queuepurgeframe.h">
      <Filter>src</Filter>
    </ClInclude>
    <ClInclude Include="$(MSBuildThisFileDirectory)..\AMQP-CPP\src\queuepurgeokframe.h">
      <Filter>src</Filter>
    </ClInclude>
    <ClInclude Include="$(MSBuildThisFileDirectory)..\AMQP-CPP\src\queueunbindframe.h">
      <Filter>src</Filter>
    </ClInclude>
    <ClInclude Include="$(MSBuildThisFileDirectory)..\AMQP-CPP\src\queueunbindokframe.h">
      <Filter>src</Filter>
    </ClInclude>
    <ClInclude Include="$(MSBuildThisFileDirectory)..\AMQP-CPP\src\reducedbuffer.h">
      <Filter>src</Filter>
    </ClInclude>
    <ClInclude Include="$(MSBuildThisFileDirectory)..\AMQP-CPP\src\returnedmessage.h">
      <Filter>src</Filter>
    </ClInclude>
    <ClInclude Include="$(MSBuildThisFileDirectory)..\AMQP-CPP\src\tcpclosed.h">
      <Filter>src</Filter>
    </ClInclude>
    <ClInclude Include="$(MSBuildThisFileDirectory)..\AMQP-CPP\src\tcpconnected.h">
      <Filter>src</Filter>
    </ClInclude>
    <ClInclude Include="$(MSBuildThisFileDirectory)..\AMQP-CPP\src\tcpinbuffer.h">
      <Filter>src</Filter>
    </ClInclude>
    <ClInclude Include="$(MSBuildThisFileDirectory)..\AMQP-CPP\src\tcpoutbuffer.h">
      <Filter>src</Filter>
    </ClInclude>
    <ClInclude Include="$(MSBuildThisFileDirectory)..\AMQP-CPP\src\tcpresolver.h">
      <Filter>src</Filter>
    </ClInclude>
    <ClInclude Include="$(MSBuildThisFileDirectory)..\AMQP-CPP\src\tcpstate.h">
      <Filter>src</Filter>
    </ClInclude>
    <ClInclude Include="$(MSBuildThisFileDirectory)..\AMQP-CPP\src\transactioncommitframe.h">
      <Filter>src</Filter>
    </ClInclude>
    <ClInclude Include="$(MSBuildThisFileDirectory)..\AMQP-CPP\src\transactioncommitokframe.h">
      <Filter>src</Filter>
    </ClInclude>
    <ClInclude Include="$(MSBuildThisFileDirectory)..\AMQP-CPP\src\transactionframe.h">
      <Filter>src</Filter>
    </ClInclude>
    <ClInclude Include="$(MSBuildThisFileDirectory)..\AMQP-CPP\src\transactionrollbackframe.h">
      <Filter>src</Filter>
    </ClInclude>
    <ClInclude Include="$(MSBuildThisFileDirectory)..\AMQP-CPP\src\transactionrollbackokframe.h">
      <Filter>src</Filter>
    </ClInclude>
    <ClInclude Include="$(MSBuildThisFileDirectory)..\AMQP-CPP\src\transactionselectframe.h">
      <Filter>src</Filter>
    </ClInclude>
    <ClInclude Include="$(MSBuildThisFileDirectory)..\AMQP-CPP\src\transactionselectokframe.h">
      <Filter>src</Filter>
    </ClInclude>
    <ClInclude Include="$(MSBuildThisFileDirectory)..\AMQP-CPP\src\tcp.h">
      <Filter>src</Filter>
    </ClInclude>
    <ClInclude Include="$(MSBuildThisFileDirectory)..\AMQP-CPP\src\numeric_cast.h">
      <Filter>src</Filter>
    </ClInclude>
  </ItemGroup>
  <ItemGroup>
    <ClCompile Include="$(MSBuildThisFileDirectory)..\AMQP-CPP\src\array.cpp">
      <Filter>src</Filter>
    </ClCompile>
    <ClCompile Include="$(MSBuildThisFileDirectory)..\AMQP-CPP\src\channelimpl.cpp">
      <Filter>src</Filter>
    </ClCompile>
    <ClCompile Include="$(MSBuildThisFileDirectory)..\AMQP-CPP\src\connectionimpl.cpp">
      <Filter>src</Filter>
    </ClCompile>
    <ClCompile Include="$(MSBuildThisFileDirectory)..\AMQP-CPP\src\deferredcancel.cpp">
      <Filter>src</Filter>
    </ClCompile>
    <ClCompile Include="$(MSBuildThisFileDirectory)..\AMQP-CPP\src\deferredconsumer.cpp">
      <Filter>src</Filter>
    </ClCompile>
    <ClCompile Include="$(MSBuildThisFileDirectory)..\AMQP-CPP\src\deferredconsumerbase.cpp">
      <Filter>src</Filter>
    </ClCompile>
    <ClCompile Include="$(MSBuildThisFileDirectory)..\AMQP-CPP\src\deferredget.cpp">
      <Filter>src</Filter>
    </ClCompile>
    <ClCompile Include="$(MSBuildThisFileDirectory)..\AMQP-CPP\src\field.cpp">
      <Filter>src</Filter>
    </ClCompile>
    <ClCompile Include="$(MSBuildThisFileDirectory)..\AMQP-CPP\src\flags.cpp">
      <Filter>src</Filter>
    </ClCompile>
    <ClCompile Include="$(MSBuildThisFileDirectory)..\AMQP-CPP\src\receivedframe.cpp">
      <Filter>src</Filter>
    </ClCompile>
    <ClCompile Include="$(MSBuildThisFileDirectory)..\AMQP-CPP\src\table.cpp">
      <Filter>src</Filter>
    </ClCompile>
    <ClCompile Include="$(MSBuildThisFileDirectory)..\AMQP-CPP\src\tcpconnection.cpp">
      <Filter>src</Filter>
    </ClCompile>
    <ClCompile Include="$(MSBuildThisFileDirectory)..\AMQP-CPP\src\watchable.cpp">
      <Filter>src</Filter>
    </ClCompile>
    <ClCompile Include="$(MSBuildThisFileDirectory)..\AMQP-CPP\src\tcp.cpp">
      <Filter>src</Filter>
    </ClCompile>
  </ItemGroup>
</Project>